
Microsoft Visual Studio Solution File, Format Version 12.00
# Visual Studio Version 17
VisualStudioVersion = 17.3.32929.385
MinimumVisualStudioVersion = 10.0.40219.1
Project("{FAE04EC0-301F-11D3-BF4B-00C04F79EFBC}") = "Assembly1", "Assembly1\Assembly1.csproj", "{F733EC73-F3D7-4D46-BBC8-0FA17B9EB050}"
EndProject
Project("{FAE04EC0-301F-11D3-BF4B-00C04F79EFBC}") = "Assembly2", "Assembly2\Assembly2.csproj", "{3833EE25-F140-4A5F-B97F-FBED1578E5BA}"
EndProject
Project("{2150E333-8FDC-42A3-9474-1A3956D46DE8}") = "Solution Items", "Solution Items", "{BA8BA351-C619-47BB-B1D2-A70FF1ECEA0F}"
	ProjectSection(SolutionItems) = preProject
		ReadMe.txt = ReadMe.txt
	EndProjectSection
EndProject
Global
	GlobalSection(SolutionConfigurationPlatforms) = preSolution
		Debug|Any CPU = Debug|Any CPU
		Release|Any CPU = Release|Any CPU
	EndGlobalSection
	GlobalSection(ProjectConfigurationPlatforms) = postSolution
		{F733EC73-F3D7-4D46-BBC8-0FA17B9EB050}.Debug|Any CPU.ActiveCfg = Debug|Any CPU
		{F733EC73-F3D7-4D46-BBC8-0FA17B9EB050}.Debug|Any CPU.Build.0 = Debug|Any CPU
		{F733EC73-F3D7-4D46-BBC8-0FA17B9EB050}.Release|Any CPU.ActiveCfg = Release|Any CPU
		{F733EC73-F3D7-4D46-BBC8-0FA17B9EB050}.Release|Any CPU.Build.0 = Release|Any CPU
		{3833EE25-F140-4A5F-B97F-FBED1578E5BA}.Debug|Any CPU.ActiveCfg = Debug|Any CPU
		{3833EE25-F140-4A5F-B97F-FBED1578E5BA}.Debug|Any CPU.Build.0 = Debug|Any CPU
		{3833EE25-F140-4A5F-B97F-FBED1578E5BA}.Release|Any CPU.ActiveCfg = Release|Any CPU
		{3833EE25-F140-4A5F-B97F-FBED1578E5BA}.Release|Any CPU.Build.0 = Release|Any CPU
	EndGlobalSection
	GlobalSection(SolutionProperties) = preSolution
		HideSolutionNode = FALSE
	EndGlobalSection
	GlobalSection(ExtensibilityGlobals) = postSolution
		SolutionGuid = {134B87D5-5B1C-41C9-B1C1-5A04CA530646}
	EndGlobalSection
EndGlobal
